{
    "requires": true,
    "lockfileVersion": 1,
    "dependencies": {
        "css-element-queries": {
            "version": "1.1.1",
            "resolved": "https://registry.npmjs.org/css-element-queries/-/css-element-queries-1.1.1.tgz",
            "integrity": "sha512-/PX6Bkk77ShgbOx/mpawHdEvS3PGgy1mmMktcztDPndWdMJxcorcQiivrs+nEljqtBpvNEhAmQky9tQR6FSm8Q=="
        },
        "intersection-observer": {
            "version": "0.5.1",
            "resolved": "https://registry.npmjs.org/intersection-observer/-/intersection-observer-0.5.1.tgz",
            "integrity": "sha512-Zd7Plneq82kiXFixs7bX62YnuZ0BMRci9br7io88LwDyF3V43cQMI+G5IiTlTNTt+LsDUppl19J/M2Fp9UkH6g=="
        },
        "lodash.debounce": {
            "version": "4.0.8",
            "resolved": "https://registry.npmjs.org/lodash.debounce/-/lodash.debounce-4.0.8.tgz",
            "integrity": "sha1-gteb/zCmfEAF/9XiUVMArZyk168="
        },
        "vue-resize-directive": {
            "version": "1.1.4",
            "resolved": "https://registry.npmjs.org/vue-resize-directive/-/vue-resize-directive-1.1.4.tgz",
            "integrity": "sha512-/0prWY8IkPTUmlGTjTseG3nrIdOPfG2N0+xZZGNTWp4B/HzHoM0mxkN9RGVjnpE1pdXRySQ7kzRzpjkMU4rchQ==",
            "requires": {
                "css-element-queries": "^1.0.2",
                "intersection-observer": "^0.5.0",
                "lodash.debounce": "^4.0.8"
            }
        }
    }
}
